
Microsoft Visual Studio Solution File, Format Version 12.00
# Visual Studio Version 17
VisualStudioVersion = 17.8.34322.80
MinimumVisualStudioVersion = 10.0.40219.1
Project("{9A19103F-16F7-4668-BE54-9A1E7A4F7556}") = "TechStoreApp.Web", "TechStoreApp.Web\TechStoreApp.Web.csproj", "{C8E1A8AF-5197-4962-A1B4-4FBE68A3E2E5}"
EndProject
Project("{9A19103F-16F7-4668-BE54-9A1E7A4F7556}") = "TechStoreApp.Data.Models", "TechStoreApp.Data.Models\TechStoreApp.Data.Models.csproj", "{E6F72292-83F7-45E1-AF9D-78C153E39899}"
EndProject
Project("{2150E333-8FDC-42A3-9474-1A3956D46DE8}") = "Solution Items", "Solution Items", "{B3F94BF5-AA24-4DA8-B253-FF537F3BA233}"
	ProjectSection(SolutionItems) = preProject
		.editorconfig = .editorconfig
	EndProjectSection
EndProject
Project("{9A19103F-16F7-4668-BE54-9A1E7A4F7556}") = "TechStoreApp.Common", "TechStoreApp.Common\TechStoreApp.Common.csproj", "{07762875-7BC1-4F1B-8413-33887BB37FA7}"
EndProject
Project("{9A19103F-16F7-4668-BE54-9A1E7A4F7556}") = "TechStoreApp.Web.ViewModels", "TechStoreApp.Web.ViewModels\TechStoreApp.Web.ViewModels.csproj", "{A80510C4-1A0F-4521-B725-71BD62876578}"
EndProject
Project("{9A19103F-16F7-4668-BE54-9A1E7A4F7556}") = "TechStoreApp.Data", "TechStoreApp.Data\TechStoreApp.Data.csproj", "{857B4683-AF18-4B5B-81B6-BCD03E49BAFF}"
EndProject
Project("{9A19103F-16F7-4668-BE54-9A1E7A4F7556}") = "TechStoreApp.Services.Data", "TechStoreApp.Services.Data\TechStoreApp.Services.Data.csproj", "{6BB135F0-8B6D-4EC0-91A1-72CC464DC0FF}"
EndProject
Project("{9A19103F-16F7-4668-BE54-9A1E7A4F7556}") = "TechStoreApp.Web.Infrastructure", "TechStoreApp.Web.Infrastructure\TechStoreApp.Web.Infrastructure.csproj", "{3A42A35B-44E9-4974-80BC-2683364B0A60}"
EndProject
Global
	GlobalSection(SolutionConfigurationPlatforms) = preSolution
		Debug|Any CPU = Debug|Any CPU
		Debug|x64 = Debug|x64
		Debug|x86 = Debug|x86
		Release|Any CPU = Release|Any CPU
		Release|x64 = Release|x64
		Release|x86 = Release|x86
	EndGlobalSection
	GlobalSection(ProjectConfigurationPlatforms) = postSolution
		{C8E1A8AF-5197-4962-A1B4-4FBE68A3E2E5}.Debug|Any CPU.ActiveCfg = Debug|Any CPU
		{C8E1A8AF-5197-4962-A1B4-4FBE68A3E2E5}.Debug|Any CPU.Build.0 = Debug|Any CPU
		{C8E1A8AF-5197-4962-A1B4-4FBE68A3E2E5}.Debug|x64.ActiveCfg = Debug|Any CPU
		{C8E1A8AF-5197-4962-A1B4-4FBE68A3E2E5}.Debug|x64.Build.0 = Debug|Any CPU
		{C8E1A8AF-5197-4962-A1B4-4FBE68A3E2E5}.Debug|x86.ActiveCfg = Debug|Any CPU
		{C8E1A8AF-5197-4962-A1B4-4FBE68A3E2E5}.Debug|x86.Build.0 = Debug|Any CPU
		{C8E1A8AF-5197-4962-A1B4-4FBE68A3E2E5}.Release|Any CPU.ActiveCfg = Release|Any CPU
		{C8E1A8AF-5197-4962-A1B4-4FBE68A3E2E5}.Release|Any CPU.Build.0 = Release|Any CPU
		{C8E1A8AF-5197-4962-A1B4-4FBE68A3E2E5}.Release|x64.ActiveCfg = Release|Any CPU
		{C8E1A8AF-5197-4962-A1B4-4FBE68A3E2E5}.Release|x64.Build.0 = Release|Any CPU
		{C8E1A8AF-5197-4962-A1B4-4FBE68A3E2E5}.Release|x86.ActiveCfg = Release|Any CPU
		{C8E1A8AF-5197-4962-A1B4-4FBE68A3E2E5}.Release|x86.Build.0 = Release|Any CPU
		{E6F72292-83F7-45E1-AF9D-78C153E39899}.Debug|Any CPU.ActiveCfg = Debug|Any CPU
		{E6F72292-83F7-45E1-AF9D-78C153E39899}.Debug|Any CPU.Build.0 = Debug|Any CPU
		{E6F72292-83F7-45E1-AF9D-78C153E39899}.Debug|x64.ActiveCfg = Debug|Any CPU
		{E6F72292-83F7-45E1-AF9D-78C153E39899}.Debug|x64.Build.0 = Debug|Any CPU
		{E6F72292-83F7-45E1-AF9D-78C153E39899}.Debug|x86.ActiveCfg = Debug|Any CPU
		{E6F72292-83F7-45E1-AF9D-78C153E39899}.Debug|x86.Build.0 = Debug|Any CPU
		{E6F72292-83F7-45E1-AF9D-78C153E39899}.Release|Any CPU.ActiveCfg = Release|Any CPU
		{E6F72292-83F7-45E1-AF9D-78C153E39899}.Release|Any CPU.Build.0 = Release|Any CPU
		{E6F72292-83F7-45E1-AF9D-78C153E39899}.Release|x64.ActiveCfg = Release|Any CPU
		{E6F72292-83F7-45E1-AF9D-78C153E39899}.Release|x64.Build.0 = Release|Any CPU
		{E6F72292-83F7-45E1-AF9D-78C153E39899}.Release|x86.ActiveCfg = Release|Any CPU
		{E6F72292-83F7-45E1-AF9D-78C153E39899}.Release|x86.Build.0 = Release|Any CPU
		{07762875-7BC1-4F1B-8413-33887BB37FA7}.Debug|Any CPU.ActiveCfg = Debug|Any CPU
		{07762875-7BC1-4F1B-8413-33887BB37FA7}.Debug|Any CPU.Build.0 = Debug|Any CPU
		{07762875-7BC1-4F1B-8413-33887BB37FA7}.Debug|x64.ActiveCfg = Debug|Any CPU
		{07762875-7BC1-4F1B-8413-33887BB37FA7}.Debug|x64.Build.0 = Debug|Any CPU
		{07762875-7BC1-4F1B-8413-33887BB37FA7}.Debug|x86.ActiveCfg = Debug|Any CPU
		{07762875-7BC1-4F1B-8413-33887BB37FA7}.Debug|x86.Build.0 = Debug|Any CPU
		{07762875-7BC1-4F1B-8413-33887BB37FA7}.Release|Any CPU.ActiveCfg = Release|Any CPU
		{07762875-7BC1-4F1B-8413-33887BB37FA7}.Release|Any CPU.Build.0 = Release|Any CPU
		{07762875-7BC1-4F1B-8413-33887BB37FA7}.Release|x64.ActiveCfg = Release|Any CPU
		{07762875-7BC1-4F1B-8413-33887BB37FA7}.Release|x64.Build.0 = Release|Any CPU
		{07762875-7BC1-4F1B-8413-33887BB37FA7}.Release|x86.ActiveCfg = Release|Any CPU
		{07762875-7BC1-4F1B-8413-33887BB37FA7}.Release|x86.Build.0 = Release|Any CPU
		{A80510C4-1A0F-4521-B725-71BD62876578}.Debug|Any CPU.ActiveCfg = Debug|Any CPU
		{A80510C4-1A0F-4521-B725-71BD62876578}.Debug|Any CPU.Build.0 = Debug|Any CPU
		{A80510C4-1A0F-4521-B725-71BD62876578}.Debug|x64.ActiveCfg = Debug|Any CPU
		{A80510C4-1A0F-4521-B725-71BD62876578}.Debug|x64.Build.0 = Debug|Any CPU
		{A80510C4-1A0F-4521-B725-71BD62876578}.Debug|x86.ActiveCfg = Debug|Any CPU
		{A80510C4-1A0F-4521-B725-71BD62876578}.Debug|x86.Build.0 = Debug|Any CPU
		{A80510C4-1A0F-4521-B725-71BD62876578}.Release|Any CPU.ActiveCfg = Release|Any CPU
		{A80510C4-1A0F-4521-B725-71BD62876578}.Release|Any CPU.Build.0 = Release|Any CPU
		{A80510C4-1A0F-4521-B725-71BD62876578}.Release|x64.ActiveCfg = Release|Any CPU
		{A80510C4-1A0F-4521-B725-71BD62876578}.Release|x64.Build.0 = Release|Any CPU
		{A80510C4-1A0F-4521-B725-71BD62876578}.Release|x86.ActiveCfg = Release|Any CPU
		{A80510C4-1A0F-4521-B725-71BD62876578}.Release|x86.Build.0 = Release|Any CPU
		{857B4683-AF18-4B5B-81B6-BCD03E49BAFF}.Debug|Any CPU.ActiveCfg = Debug|Any CPU
		{857B4683-AF18-4B5B-81B6-BCD03E49BAFF}.Debug|Any CPU.Build.0 = Debug|Any CPU
		{857B4683-AF18-4B5B-81B6-BCD03E49BAFF}.Debug|x64.ActiveCfg = Debug|Any CPU
		{857B4683-AF18-4B5B-81B6-BCD03E49BAFF}.Debug|x64.Build.0 = Debug|Any CPU
		{857B4683-AF18-4B5B-81B6-BCD03E49BAFF}.Debug|x86.ActiveCfg = Debug|Any CPU
		{857B4683-AF18-4B5B-81B6-BCD03E49BAFF}.Debug|x86.Build.0 = Debug|Any CPU
		{857B4683-AF18-4B5B-81B6-BCD03E49BAFF}.Release|Any CPU.ActiveCfg = Release|Any CPU
		{857B4683-AF18-4B5B-81B6-BCD03E49BAFF}.Release|Any CPU.Build.0 = Release|Any CPU
		{857B4683-AF18-4B5B-81B6-BCD03E49BAFF}.Release|x64.ActiveCfg = Release|Any CPU
		{857B4683-AF18-4B5B-81B6-BCD03E49BAFF}.Release|x64.Build.0 = Release|Any CPU
		{857B4683-AF18-4B5B-81B6-BCD03E49BAFF}.Release|x86.ActiveCfg = Release|Any CPU
		{857B4683-AF18-4B5B-81B6-BCD03E49BAFF}.Release|x86.Build.0 = Release|Any CPU
		{6BB135F0-8B6D-4EC0-91A1-72CC464DC0FF}.Debug|Any CPU.ActiveCfg = Debug|Any CPU
		{6BB135F0-8B6D-4EC0-91A1-72CC464DC0FF}.Debug|Any CPU.Build.0 = Debug|Any CPU
		{6BB135F0-8B6D-4EC0-91A1-72CC464DC0FF}.Debug|x64.ActiveCfg = Debug|Any CPU
		{6BB135F0-8B6D-4EC0-91A1-72CC464DC0FF}.Debug|x64.Build.0 = Debug|Any CPU
		{6BB135F0-8B6D-4EC0-91A1-72CC464DC0FF}.Debug|x86.ActiveCfg = Debug|Any CPU
		{6BB135F0-8B6D-4EC0-91A1-72CC464DC0FF}.Debug|x86.Build.0 = Debug|Any CPU
		{6BB135F0-8B6D-4EC0-91A1-72CC464DC0FF}.Release|Any CPU.ActiveCfg = Release|Any CPU
		{6BB135F0-8B6D-4EC0-91A1-72CC464DC0FF}.Release|Any CPU.Build.0 = Release|Any CPU
		{6BB135F0-8B6D-4EC0-91A1-72CC464DC0FF}.Release|x64.ActiveCfg = Release|Any CPU
		{6BB135F0-8B6D-4EC0-91A1-72CC464DC0FF}.Release|x64.Build.0 = Release|Any CPU
		{6BB135F0-8B6D-4EC0-91A1-72CC464DC0FF}.Release|x86.ActiveCfg = Release|Any CPU
		{6BB135F0-8B6D-4EC0-91A1-72CC464DC0FF}.Release|x86.Build.0 = Release|Any CPU
		{3A42A35B-44E9-4974-80BC-2683364B0A60}.Debug|Any CPU.ActiveCfg = Debug|Any CPU
		{3A42A35B-44E9-4974-80BC-2683364B0A60}.Debug|Any CPU.Build.0 = Debug|Any CPU
		{3A42A35B-44E9-4974-80BC-2683364B0A60}.Debug|x64.ActiveCfg = Debug|Any CPU
		{3A42A35B-44E9-4974-80BC-2683364B0A60}.Debug|x64.Build.0 = Debug|Any CPU
		{3A42A35B-44E9-4974-80BC-2683364B0A60}.Debug|x86.ActiveCfg = Debug|Any CPU
		{3A42A35B-44E9-4974-80BC-2683364B0A60}.Debug|x86.Build.0 = Debug|Any CPU
		{3A42A35B-44E9-4974-80BC-2683364B0A60}.Release|Any CPU.ActiveCfg = Release|Any CPU
		{3A42A35B-44E9-4974-80BC-2683364B0A60}.Release|Any CPU.Build.0 = Release|Any CPU
		{3A42A35B-44E9-4974-80BC-2683364B0A60}.Release|x64.ActiveCfg = Release|Any CPU
		{3A42A35B-44E9-4974-80BC-2683364B0A60}.Release|x64.Build.0 = Release|Any CPU
		{3A42A35B-44E9-4974-80BC-2683364B0A60}.Release|x86.ActiveCfg = Release|Any CPU
		{3A42A35B-44E9-4974-80BC-2683364B0A60}.Release|x86.Build.0 = Release|Any CPU
	EndGlobalSection
	GlobalSection(SolutionProperties) = preSolution
		HideSolutionNode = FALSE
	EndGlobalSection
	GlobalSection(ExtensibilityGlobals) = postSolution
		SolutionGuid = {A8DAE14C-C7FC-467F-B6F1-1FDB39E3FDFD}
	EndGlobalSection
EndGlobal
